
Microsoft Visual Studio Solution File, Format Version 12.00
# Visual Studio Version 16
VisualStudioVersion = 16.0.31402.337
MinimumVisualStudioVersion = 10.0.40219.1
Project("{9A19103F-16F7-4668-BE54-9A1E7A4F7556}") = "ManagementSystem", "ManagementSystem\ManagementSystem.csproj", "{3551CC49-880F-425F-A2B5-8A8BC5C6A56E}"
EndProject
Project("{FAE04EC0-301F-11D3-BF4B-00C04F79EFBC}") = "DevOpsTests", "DevOpsTests\DevOpsTests.csproj", "{8ED16741-7946-4335-BF17-C7FB9319EE85}"
EndProject
Global
	GlobalSection(SolutionConfigurationPlatforms) = preSolution
		Debug|Any CPU = Debug|Any CPU
		Release|Any CPU = Release|Any CPU
	EndGlobalSection
	GlobalSection(ProjectConfigurationPlatforms) = postSolution
		{3551CC49-880F-425F-A2B5-8A8BC5C6A56E}.Debug|Any CPU.ActiveCfg = Debug|Any CPU
		{3551CC49-880F-425F-A2B5-8A8BC5C6A56E}.Debug|Any CPU.Build.0 = Debug|Any CPU
		{3551CC49-880F-425F-A2B5-8A8BC5C6A56E}.Release|Any CPU.ActiveCfg = Release|Any CPU
		{3551CC49-880F-425F-A2B5-8A8BC5C6A56E}.Release|Any CPU.Build.0 = Release|Any CPU
		{8ED16741-7946-4335-BF17-C7FB9319EE85}.Debug|Any CPU.ActiveCfg = Debug|Any CPU
		{8ED16741-7946-4335-BF17-C7FB9319EE85}.Debug|Any CPU.Build.0 = Debug|Any CPU
		{8ED16741-7946-4335-BF17-C7FB9319EE85}.Release|Any CPU.ActiveCfg = Release|Any CPU
		{8ED16741-7946-4335-BF17-C7FB9319EE85}.Release|Any CPU.Build.0 = Release|Any CPU
	EndGlobalSection
	GlobalSection(SolutionProperties) = preSolution
		HideSolutionNode = FALSE
	EndGlobalSection
	GlobalSection(ExtensibilityGlobals) = postSolution
		SolutionGuid = {161C6429-B1FB-43E7-8078-C1917A6AA00F}
	EndGlobalSection
EndGlobal
